// !$*UTF8*$!
{
	archiveVersion = 1;
	classes = {
	};
	objectVersion = 50;
	objects = {

/* Begin PBXBuildFile section */
		8A6BD4E024A0F9490051B4DA /* AppDelegate.swift in Sources */ = {isa = PBXBuildFile; fileRef = 8A6BD4DF24A0F9490051B4DA /* AppDelegate.swift */; };
		8A6BD4E224A0F9490051B4DA /* SceneDelegate.swift in Sources */ = {isa = PBXBuildFile; fileRef = 8A6BD4E124A0F9490051B4DA /* SceneDelegate.swift */; };
		8A6BD4E424A0F9490051B4DA /* ViewController.swift in Sources */ = {isa = PBXBuildFile; fileRef = 8A6BD4E324A0F9490051B4DA /* ViewController.swift */; };
		8A6BD4E724A0F9490051B4DA /* Main.storyboard in Resources */ = {isa = PBXBuildFile; fileRef = 8A6BD4E524A0F9490051B4DA /* Main.storyboard */; };
		8A6BD4E924A0F94A0051B4DA /* Assets.xcassets in Resources */ = {isa = PBXBuildFile; fileRef = 8A6BD4E824A0F94A0051B4DA /* Assets.xcassets */; };
		8A6BD4EC24A0F94A0051B4DA /* LaunchScreen.storyboard in Resources */ = {isa = PBXBuildFile; fileRef = 8A6BD4EA24A0F94A0051B4DA /* LaunchScreen.storyboard */; };
		8A6BD4F524A0FE090051B4DA /* BorderButton.swift in Sources */ = {isa = PBXBuildFile; fileRef = 8A6BD4F424A0FE090051B4DA /* BorderButton.swift */; };
/* End PBXBuildFile section */

/* Begin PBXFileReference section */
		8A6BD4DC24A0F9490051B4DA /* app-swoosh.app */ = {isa = PBXFileReference; explicitFileType = wrapper.application; includeInIndex = 0; path = "app-swoosh.app"; sourceTree = BUILT_PRODUCTS_DIR; };
		8A6BD4DF24A0F9490051B4DA /* AppDelegate.swift */ = {isa = PBXFileReference; lastKnownFileType = sourcecode.swift; path = AppDelegate.swift; sourceTree = "<group>"; };
		8A6BD4E124A0F9490051B4DA /* SceneDelegate.swift */ = {isa = PBXFileReference; lastKnownFileType = sourcecode.swift; path = SceneDelegate.swift; sourceTree = "<group>"; };
		8A6BD4E324A0F9490051B4DA /* ViewController.swift */ = {isa = PBXFileReference; lastKnownFileType = sourcecode.swift; path = ViewController.swift; sourceTree = "<group>"; };
		8A6BD4E624A0F9490051B4DA /* Base */ = {isa = PBXFileReference; lastKnownFileType = file.storyboard; name = Base; path = Base.lproj/Main.storyboard; sourceTree = "<group>"; };
		8A6BD4E824A0F94A0051B4DA /* Assets.xcassets */ = {isa = PBXFileReference; lastKnownFileType = folder.assetcatalog; path = Assets.xcassets; sourceTree = "<group>"; };
		8A6BD4EB24A0F94A0051B4DA /* Base */ = {isa = PBXFileReference; lastKnownFileType = file.storyboard; name = Base; path = Base.lproj/LaunchScreen.storyboard; sourceTree = "<group>"; };
		8A6BD4ED24A0F94A0051B4DA /* Info.plist */ = {isa = PBXFileReference; lastKnownFileType = text.plist.xml; path = Info.plist; sourceTree = "<group>"; };
		8A6BD4F424A0FE090051B4DA /* BorderButton.swift */ = {isa = PBXFileReference; lastKnownFileType = sourcecode.swift; path = BorderButton.swift; sourceTree = "<group>"; };
/* End PBXFileReference section */

/* Begin PBXFrameworksBuildPhase section */
		8A6BD4D924A0F9490051B4DA /* Frameworks */ = {
			isa = PBXFrameworksBuildPhase;
			buildActionMask = 2147483647;
			files = (
			);
			runOnlyForDeploymentPostprocessing = 0;
		};
/* End PBXFrameworksBuildPhase section */

/* Begin PBXGroup section */
		8A6BD4D324A0F9490051B4DA = {
			isa = PBXGroup;
			children = (
				8A6BD4DE24A0F9490051B4DA /* app-swoosh */,
				8A6BD4DD24A0F9490051B4DA /* Products */,
			);
			sourceTree = "<group>";
		};
		8A6BD4DD24A0F9490051B4DA /* Products */ = {
			isa = PBXGroup;
			children = (
				8A6BD4DC24A0F9490051B4DA /* app-swoosh.app */,
			);
			name = Products;
			sourceTree = "<group>";
		};
		8A6BD4DE24A0F9490051B4DA /* app-swoosh */ = {
			isa = PBXGroup;
			children = (
				8A6BD4F324A0FD720051B4DA /* Views */,
				8A6BD4DF24A0F9490051B4DA /* AppDelegate.swift */,
				8A6BD4E124A0F9490051B4DA /* SceneDelegate.swift */,
				8A6BD4E324A0F9490051B4DA /* ViewController.swift */,
				8A6BD4E524A0F9490051B4DA /* Main.storyboard */,
				8A6BD4E824A0F94A0051B4DA /* Assets.xcassets */,
				8A6BD4EA24A0F94A0051B4DA /* LaunchScreen.storyboard */,
				8A6BD4ED24A0F94A0051B4DA /* Info.plist */,
			);
			path = "app-swoosh";
			sourceTree = "<group>";
		};
		8A6BD4F324A0FD720051B4DA /* Views */ = {
			isa = PBXGroup;
			children = (
				8A6BD4F424A0FE090051B4DA /* BorderButton.swift */,
			);
			path = Views;
			sourceTree = "<group>";
		};
/* End PBXGroup section */

/* Begin PBXNativeTarget section */
		8A6BD4DB24A0F9490051B4DA /* app-swoosh */ = {
			isa = PBXNativeTarget;
			buildConfigurationList = 8A6BD4F024A0F94A0051B4DA /* Build configuration list for PBXNativeTarget "app-swoosh" */;
			buildPhases = (
				8A6BD4D824A0F9490051B4DA /* Sources */,
				8A6BD4D924A0F9490051B4DA /* Frameworks */,
				8A6BD4DA24A0F9490051B4DA /* Resources */,
			);
			buildRules = (
			);
			dependencies = (
			);
			name = "app-swoosh";
			productName = "app-swoosh";
			productReference = 8A6BD4DC24A0F9490051B4DA /* app-swoosh.app */;
			productType = "com.apple.product-type.application";
		};
/* End PBXNativeTarget section */

/* Begin PBXProject section */
		8A6BD4D424A0F9490051B4DA /* Project object */ = {
			isa = PBXProject;
			attributes = {
				LastSwiftUpdateCheck = 1150;
				LastUpgradeCheck = 1150;
				ORGANIZATIONNAME = "Tom Woodley";
				TargetAttributes = {
					8A6BD4DB24A0F9490051B4DA = {
						CreatedOnToolsVersion = 11.5;
					};
				};
			};
			buildConfigurationList = 8A6BD4D724A0F9490051B4DA /* Build configuration list for PBXProject "app-swoosh" */;
			compatibilityVersion = "Xcode 9.3";
			developmentRegion = en;
			hasScannedForEncodings = 0;
			knownRegions = (
				en,
				Base,
			);
			mainGroup = 8A6BD4D324A0F9490051B4DA;
			productRefGroup = 8A6BD4DD24A0F9490051B4DA /* Products */;
			projectDirPath = "";
			projectRoot = "";
			targets = (
				8A6BD4DB24A0F9490051B4DA /* app-swoosh */,
			);
		};
/* End PBXProject section */

/* Begin PBXResourcesBuildPhase section */
		8A6BD4DA24A0F9490051B4DA /* Resources */ = {
			isa = PBXResourcesBuildPhase;
			buildActionMask = 2147483647;
			files = (
				8A6BD4EC24A0F94A0051B4DA /* LaunchScreen.storyboard in Resources */,
				8A6BD4E924A0F94A0051B4DA /* Assets.xcassets in Resources */,
				8A6BD4E724A0F9490051B4DA /* Main.storyboard in Resources */,
			);
			runOnlyForDeploymentPostprocessing = 0;
		};
/* End PBXResourcesBuildPhase section */

/* Begin PBXSourcesBuildPhase section */
		8A6BD4D824A0F9490051B4DA /* Sources */ = {
			isa = PBXSourcesBuildPhase;
			buildActionMask = 2147483647;
			files = (
				8A6BD4E424A0F9490051B4DA /* ViewController.swift in Sources */,
				8A6BD4E024A0F9490051B4DA /* AppDelegate.swift in Sources */,
				8A6BD4E224A0F9490051B4DA /* SceneDelegate.swift in Sources */,
				8A6BD4F524A0FE090051B4DA /* BorderButton.swift in Sources */,
			);
			runOnlyForDeploymentPostprocessing = 0;
		};
/* End PBXSourcesBuildPhase section */

/* Begin PBXVariantGroup section */
		8A6BD4E524A0F9490051B4DA /* Main.storyboard */ = {
			isa = PBXVariantGroup;
			children = (
				8A6BD4E624A0F9490051B4DA /* Base */,
			);
			name = Main.storyboard;
			sourceTree = "<group>";
		};
		8A6BD4EA24A0F94A0051B4DA /* LaunchScreen.storyboard */ = {
			isa = PBXVariantGroup;
			children = (
				8A6BD4EB24A0F94A0051B4DA /* Base */,
			);
			name = LaunchScreen.storyboard;
			sourceTree = "<group>";
		};
/* End PBXVariantGroup section */

/* Begin XCBuildConfiguration section */
		8A6BD4EE24A0F94A0051B4DA /* Debug */ = {
			isa = XCBuildConfiguration;
			buildSettings = {
				ALWAYS_SEARCH_USER_PATHS = NO;
				CLANG_ANALYZER_NONNULL = YES;
				CLANG_ANALYZER_NUMBER_OBJECT_CONVERSION = YES_AGGRESSIVE;
				CLANG_CXX_LANGUAGE_STANDARD = "gnu++14";
				CLANG_CXX_LIBRARY = "libc++";
				CLANG_ENABLE_MODULES = YES;
				CLANG_ENABLE_OBJC_ARC = YES;
				CLANG_ENABLE_OBJC_WEAK = YES;
				CLANG_WARN_BLOCK_CAPTURE_AUTORELEASING = YES;
				CLANG_WARN_BOOL_CONVERSION = YES;
				CLANG_WARN_COMMA = YES;
				CLANG_WARN_CONSTANT_CONVERSION = YES;
				CLANG_WARN_DEPRECATED_OBJC_IMPLEMENTATIONS = YES;
				CLANG_WARN_DIRECT_OBJC_ISA_USAGE = YES_ERROR;
				CLANG_WARN_DOCUMENTATION_COMMENTS = YES;
				CLANG_WARN_EMPTY_BODY = YES;
				CLANG_WARN_ENUM_CONVERSION = YES;
				CLANG_WARN_INFINITE_RECURSION = YES;
				CLANG_WARN_INT_CONVERSION = YES;
				CLANG_WARN_NON_LITERAL_NULL_CONVERSION = YES;
				CLANG_WARN_OBJC_IMPLICIT_RETAIN_SELF = YES;
				CLANG_WARN_OBJC_LITERAL_CONVERSION = YES;
				CLANG_WARN_OBJC_ROOT_CLASS = YES_ERROR;
				CLANG_WARN_RANGE_LOOP_ANALYSIS = YES;
				CLANG_WARN_STRICT_PROTOTYPES = YES;
				CLANG_WARN_SUSPICIOUS_MOVE = YES;
				CLANG_WARN_UNGUARDED_AVAILABILITY = YES_AGGRESSIVE;
				CLANG_WARN_UNREACHABLE_CODE = YES;
				CLANG_WARN__DUPLICATE_METHOD_MATCH = YES;
				COPY_PHASE_STRIP = NO;
				DEBUG_INFORMATION_FORMAT = dwarf;
				ENABLE_STRICT_OBJC_MSGSEND = YES;
				ENABLE_TESTABILITY = YES;
				GCC_C_LANGUAGE_STANDARD = gnu11;
				GCC_DYNAMIC_NO_PIC = NO;
				GCC_NO_COMMON_BLOCKS = YES;
				GCC_OPTIMIZATION_LEVEL = 0;
				GCC_PREPROCESSOR_DEFINITIONS = (
					"DEBUG=1",
					"$(inherited)",
				);
				GCC_WARN_64_TO_32_BIT_CONVERSION = YES;
				GCC_WARN_ABOUT_RETURN_TYPE = YES_ERROR;
				GCC_WARN_UNDECLARED_SELECTOR = YES;
				GCC_WARN_UNINITIALIZED_AUTOS = YES_AGGRESSIVE;
				GCC_WARN_UNUSED_FUNCTION = YES;
				GCC_WARN_UNUSED_VARIABLE = YES;
				IPHONEOS_DEPLOYMENT_TARGET = 13.5;
				MTL_ENABLE_DEBUG_INFO = INCLUDE_SOURCE;
				MTL_FAST_MATH = YES;
				ONLY_ACTIVE_ARCH = YES;
				SDKROOT = iphoneos;
				SWIFT_ACTIVE_COMPILATION_CONDITIONS = DEBUG;
				SWIFT_OPTIMIZATION_LEVEL = "-Onone";
			};
			name = Debug;
		};
		8A6BD4EF24A0F94A0051B4DA /* Release */ = {
			isa = XCBuildConfiguration;
			buildSettings = {
				ALWAYS_SEARCH_USER_PATHS = NO;
				CLANG_ANALYZER_NONNULL = YES;
				CLANG_ANALYZER_NUMBER_OBJECT_CONVERSION = YES_AGGRESSIVE;
				CLANG_CXX_LANGUAGE_STANDARD = "gnu++14";
				CLANG_CXX_LIBRARY = "libc++";
				CLANG_ENABLE_MODULES = YES;
				CLANG_ENABLE_OBJC_ARC = YES;
				CLANG_ENABLE_OBJC_WEAK = YES;
				CLANG_WARN_BLOCK_CAPTURE_AUTORELEASING = YES;
				CLANG_WARN_BOOL_CONVERSION = YES;
				CLANG_WARN_COMMA = YES;
				CLANG_WARN_CONSTANT_CONVERSION = YES;
				CLANG_WARN_DEPRECATED_OBJC_IMPLEMENTATIONS = YES;
				CLANG_WARN_DIRECT_OBJC_ISA_USAGE = YES_ERROR;
				CLANG_WARN_DOCUMENTATION_COMMENTS = YES;
				CLANG_WARN_EMPTY_BODY = YES;
				CLANG_WARN_ENUM_CONVERSION = YES;
				CLANG_WARN_INFINITE_RECURSION = YES;
				CLANG_WARN_INT_CONVERSION = YES;
				CLANG_WARN_NON_LITERAL_NULL_CONVERSION = YES;
				CLANG_WARN_OBJC_IMPLICIT_RETAIN_SELF = YES;
				CLANG_WARN_OBJC_LITERAL_CONVERSION = YES;
				CLANG_WARN_OBJC_ROOT_CLASS = YES_ERROR;
				CLANG_WARN_RANGE_LOOP_ANALYSIS = YES;
				CLANG_WARN_STRICT_PROTOTYPES = YES;
				CLANG_WARN_SUSPICIOUS_MOVE = YES;
				CLANG_WARN_UNGUARDED_AVAILABILITY = YES_AGGRESSIVE;
				CLANG_WARN_UNREACHABLE_CODE = YES;
				CLANG_WARN__DUPLICATE_METHOD_MATCH = YES;
				COPY_PHASE_STRIP = NO;
				DEBUG_INFORMATION_FORMAT = "dwarf-with-dsym";
				ENABLE_NS_ASSERTIONS = NO;
				ENABLE_STRICT_OBJC_MSGSEND = YES;
				GCC_C_LANGUAGE_STANDARD = gnu11;
				GCC_NO_COMMON_BLOCKS = YES;
				GCC_WARN_64_TO_32_BIT_CONVERSION = YES;
				GCC_WARN_ABOUT_RETURN_TYPE = YES_ERROR;
				GCC_WARN_UNDECLARED_SELECTOR = YES;
				GCC_WARN_UNINITIALIZED_AUTOS = YES_AGGRESSIVE;
				GCC_WARN_UNUSED_FUNCTION = YES;
				GCC_WARN_UNUSED_VARIABLE = YES;
				IPHONEOS_DEPLOYMENT_TARGET = 13.5;
				MTL_ENABLE_DEBUG_INFO = NO;
				MTL_FAST_MATH = YES;
				SDKROOT = iphoneos;
				SWIFT_COMPILATION_MODE = wholemodule;
				SWIFT_OPTIMIZATION_LEVEL = "-O";
				VALIDATE_PRODUCT = YES;
			};
			name = Release;
		};
		8A6BD4F124A0F94A0051B4DA /* Debug */ = {
			isa = XCBuildConfiguration;
			buildSettings = {
				ASSETCATALOG_COMPILER_APPICON_NAME = AppIcon;
				CODE_SIGN_STYLE = Automatic;
				DEVELOPMENT_TEAM = PBZ3X6FLRY;
				INFOPLIST_FILE = "app-swoosh/Info.plist";
				LD_RUNPATH_SEARCH_PATHS = (
					"$(inherited)",
					"@executable_path/Frameworks",
				);
				PRODUCT_BUNDLE_IDENTIFIER = "twoodley.app-swoosh";
				PRODUCT_NAME = "$(TARGET_NAME)";
				SWIFT_VERSION = 5.0;
				TARGETED_DEVICE_FAMILY = "1,2";
			};
			name = Debug;
		};
		8A6BD4F224A0F94A0051B4DA /* Release */ = {
			isa = XCBuildConfiguration;
			buildSettings = {
				ASSETCATALOG_COMPILER_APPICON_NAME = AppIcon;
				CODE_SIGN_STYLE = Automatic;
				DEVELOPMENT_TEAM = PBZ3X6FLRY;
				INFOPLIST_FILE = "app-swoosh/Info.plist";
				LD_RUNPATH_SEARCH_PATHS = (
					"$(inherited)",
					"@executable_path/Frameworks",
				);
				PRODUCT_BUNDLE_IDENTIFIER = "twoodley.app-swoosh";
				PRODUCT_NAME = "$(TARGET_NAME)";
				SWIFT_VERSION = 5.0;
				TARGETED_DEVICE_FAMILY = "1,2";
			};
			name = Release;
		};
/* End XCBuildConfiguration section */

/* Begin XCConfigurationList section */
		8A6BD4D724A0F9490051B4DA /* Build configuration list for PBXProject "app-swoosh" */ = {
			isa = XCConfigurationList;
			buildConfigurations = (
				8A6BD4EE24A0F94A0051B4DA /* Debug */,
				8A6BD4EF24A0F94A0051B4DA /* Release */,
			);
			defaultConfigurationIsVisible = 0;
			defaultConfigurationName = Release;
		};
		8A6BD4F024A0F94A0051B4DA /* Build configuration list for PBXNativeTarget "app-swoosh" */ = {
			isa = XCConfigurationList;
			buildConfigurations = (
				8A6BD4F124A0F94A0051B4DA /* Debug */,
				8A6BD4F224A0F94A0051B4DA /* Release */,
			);
			defaultConfigurationIsVisible = 0;
			defaultConfigurationName = Release;
		};
/* End XCConfigurationList section */
	};
	rootObject = 8A6BD4D424A0F9490051B4DA /* Project object */;
}
